// !$*UTF8*$!
{
	archiveVersion = 1;
	classes = {
	};
	objectVersion = 46;
	objects = {

/* Begin PBXBuildFile section */
		97DC8ADE1D356DCE00E8AEB4 /* main.m in Sources */ = {isa = PBXBuildFile; fileRef = 97DC8ADD1D356DCE00E8AEB4 /* main.m */; };
		97DC8AE11D356DCE00E8AEB4 /* AppDelegate.m in Sources */ = {isa = PBXBuildFile; fileRef = 97DC8AE01D356DCE00E8AEB4 /* AppDelegate.m */; };
		97DC8AE41D356DCE00E8AEB4 /* MasterViewController.m in Sources */ = {isa = PBXBuildFile; fileRef = 97DC8AE31D356DCE00E8AEB4 /* MasterViewController.m */; };
		97DC8AE71D356DCE00E8AEB4 /* DetailViewController.m in Sources */ = {isa = PBXBuildFile; fileRef = 97DC8AE61D356DCE00E8AEB4 /* DetailViewController.m */; };
		97DC8AEA1D356DCE00E8AEB4 /* Main.storyboard in Resources */ = {isa = PBXBuildFile; fileRef = 97DC8AE81D356DCE00E8AEB4 /* Main.storyboard */; };
		97DC8AEC1D356DCE00E8AEB4 /* Assets.xcassets in Resources */ = {isa = PBXBuildFile; fileRef = 97DC8AEB1D356DCE00E8AEB4 /* Assets.xcassets */; };
		97DC8AEF1D356DCE00E8AEB4 /* LaunchScreen.storyboard in Resources */ = {isa = PBXBuildFile; fileRef = 97DC8AED1D356DCE00E8AEB4 /* LaunchScreen.storyboard */; };
		97DC8AF81D356E6D00E8AEB4 /* Todo.m in Sources */ = {isa = PBXBuildFile; fileRef = 97DC8AF71D356E6D00E8AEB4 /* Todo.m */; };
		97DC8AFB1D35B11100E8AEB4 /* CustomCellTableViewCell.m in Sources */ = {isa = PBXBuildFile; fileRef = 97DC8AFA1D35B11100E8AEB4 /* CustomCellTableViewCell.m */; };
		97DC8AFE1D368FA100E8AEB4 /* AddNewViewController.m in Sources */ = {isa = PBXBuildFile; fileRef = 97DC8AFD1D368FA100E8AEB4 /* AddNewViewController.m */; };
/* End PBXBuildFile section */

/* Begin PBXFileReference section */
		97DC8AD91D356DCE00E8AEB4 /* EverDo.v2.app */ = {isa = PBXFileReference; explicitFileType = wrapper.application; includeInIndex = 0; path = EverDo.v2.app; sourceTree = BUILT_PRODUCTS_DIR; };
		97DC8ADD1D356DCE00E8AEB4 /* main.m */ = {isa = PBXFileReference; lastKnownFileType = sourcecode.c.objc; path = main.m; sourceTree = "<group>"; };
		97DC8ADF1D356DCE00E8AEB4 /* AppDelegate.h */ = {isa = PBXFileReference; lastKnownFileType = sourcecode.c.h; path = AppDelegate.h; sourceTree = "<group>"; };
		97DC8AE01D356DCE00E8AEB4 /* AppDelegate.m */ = {isa = PBXFileReference; lastKnownFileType = sourcecode.c.objc; path = AppDelegate.m; sourceTree = "<group>"; };
		97DC8AE21D356DCE00E8AEB4 /* MasterViewController.h */ = {isa = PBXFileReference; lastKnownFileType = sourcecode.c.h; path = MasterViewController.h; sourceTree = "<group>"; };
		97DC8AE31D356DCE00E8AEB4 /* MasterViewController.m */ = {isa = PBXFileReference; lastKnownFileType = sourcecode.c.objc; path = MasterViewController.m; sourceTree = "<group>"; };
		97DC8AE51D356DCE00E8AEB4 /* DetailViewController.h */ = {isa = PBXFileReference; lastKnownFileType = sourcecode.c.h; path = DetailViewController.h; sourceTree = "<group>"; };
		97DC8AE61D356DCE00E8AEB4 /* DetailViewController.m */ = {isa = PBXFileReference; lastKnownFileType = sourcecode.c.objc; path = DetailViewController.m; sourceTree = "<group>"; };
		97DC8AE91D356DCE00E8AEB4 /* Base */ = {isa = PBXFileReference; lastKnownFileType = file.storyboard; name = Base; path = Base.lproj/Main.storyboard; sourceTree = "<group>"; };
		97DC8AEB1D356DCE00E8AEB4 /* Assets.xcassets */ = {isa = PBXFileReference; lastKnownFileType = folder.assetcatalog; path = Assets.xcassets; sourceTree = "<group>"; };
		97DC8AEE1D356DCE00E8AEB4 /* Base */ = {isa = PBXFileReference; lastKnownFileType = file.storyboard; name = Base; path = Base.lproj/LaunchScreen.storyboard; sourceTree = "<group>"; };
		97DC8AF01D356DCE00E8AEB4 /* Info.plist */ = {isa = PBXFileReference; lastKnownFileType = text.plist.xml; path = Info.plist; sourceTree = "<group>"; };
		97DC8AF61D356E6D00E8AEB4 /* Todo.h */ = {isa = PBXFileReference; fileEncoding = 4; lastKnownFileType = sourcecode.c.h; path = Todo.h; sourceTree = "<group>"; };
		97DC8AF71D356E6D00E8AEB4 /* Todo.m */ = {isa = PBXFileReference; fileEncoding = 4; lastKnownFileType = sourcecode.c.objc; path = Todo.m; sourceTree = "<group>"; };
		97DC8AF91D35B11100E8AEB4 /* CustomCellTableViewCell.h */ = {isa = PBXFileReference; fileEncoding = 4; lastKnownFileType = sourcecode.c.h; path = CustomCellTableViewCell.h; sourceTree = "<group>"; };
		97DC8AFA1D35B11100E8AEB4 /* CustomCellTableViewCell.m */ = {isa = PBXFileReference; fileEncoding = 4; lastKnownFileType = sourcecode.c.objc; path = CustomCellTableViewCell.m; sourceTree = "<group>"; };
		97DC8AFC1D368FA100E8AEB4 /* AddNewViewController.h */ = {isa = PBXFileReference; fileEncoding = 4; lastKnownFileType = sourcecode.c.h; path = AddNewViewController.h; sourceTree = "<group>"; };
		97DC8AFD1D368FA100E8AEB4 /* AddNewViewController.m */ = {isa = PBXFileReference; fileEncoding = 4; lastKnownFileType = sourcecode.c.objc; path = AddNewViewController.m; sourceTree = "<group>"; };
/* End PBXFileReference section */

/* Begin PBXFrameworksBuildPhase section */
		97DC8AD61D356DCE00E8AEB4 /* Frameworks */ = {
			isa = PBXFrameworksBuildPhase;
			buildActionMask = 2147483647;
			files = (
			);
			runOnlyForDeploymentPostprocessing = 0;
		};
/* End PBXFrameworksBuildPhase section */

/* Begin PBXGroup section */
		97DC8AD01D356DCE00E8AEB4 = {
			isa = PBXGroup;
			children = (
				97DC8ADB1D356DCE00E8AEB4 /* EverDo.v2 */,
				97DC8ADA1D356DCE00E8AEB4 /* Products */,
			);
			sourceTree = "<group>";
		};
		97DC8ADA1D356DCE00E8AEB4 /* Products */ = {
			isa = PBXGroup;
			children = (
				97DC8AD91D356DCE00E8AEB4 /* EverDo.v2.app */,
			);
			name = Products;
			sourceTree = "<group>";
		};
		97DC8ADB1D356DCE00E8AEB4 /* EverDo.v2 */ = {
			isa = PBXGroup;
			children = (
				97DC8ADF1D356DCE00E8AEB4 /* AppDelegate.h */,
				97DC8AE01D356DCE00E8AEB4 /* AppDelegate.m */,
				97DC8AE21D356DCE00E8AEB4 /* MasterViewController.h */,
				97DC8AE31D356DCE00E8AEB4 /* MasterViewController.m */,
				97DC8AFC1D368FA100E8AEB4 /* AddNewViewController.h */,
				97DC8AFD1D368FA100E8AEB4 /* AddNewViewController.m */,
				97DC8AE51D356DCE00E8AEB4 /* DetailViewController.h */,
				97DC8AE61D356DCE00E8AEB4 /* DetailViewController.m */,
				97DC8AE81D356DCE00E8AEB4 /* Main.storyboard */,
				97DC8AF91D35B11100E8AEB4 /* CustomCellTableViewCell.h */,
				97DC8AFA1D35B11100E8AEB4 /* CustomCellTableViewCell.m */,
				97DC8AF61D356E6D00E8AEB4 /* Todo.h */,
				97DC8AF71D356E6D00E8AEB4 /* Todo.m */,
				97DC8AEB1D356DCE00E8AEB4 /* Assets.xcassets */,
				97DC8AED1D356DCE00E8AEB4 /* LaunchScreen.storyboard */,
				97DC8AF01D356DCE00E8AEB4 /* Info.plist */,
				97DC8ADC1D356DCE00E8AEB4 /* Supporting Files */,
			);
			path = EverDo.v2;
			sourceTree = "<group>";
		};
		97DC8ADC1D356DCE00E8AEB4 /* Supporting Files */ = {
			isa = PBXGroup;
			children = (
				97DC8ADD1D356DCE00E8AEB4 /* main.m */,
			);
			name = "Supporting Files";
			sourceTree = "<group>";
		};
/* End PBXGroup section */

/* Begin PBXNativeTarget section */
		97DC8AD81D356DCE00E8AEB4 /* EverDo.v2 */ = {
			isa = PBXNativeTarget;
			buildConfigurationList = 97DC8AF31D356DCE00E8AEB4 /* Build configuration list for PBXNativeTarget "EverDo.v2" */;
			buildPhases = (
				97DC8AD51D356DCE00E8AEB4 /* Sources */,
				97DC8AD61D356DCE00E8AEB4 /* Frameworks */,
				97DC8AD71D356DCE00E8AEB4 /* Resources */,
			);
			buildRules = (
			);
			dependencies = (
			);
			name = EverDo.v2;
			productName = EverDo.v2;
			productReference = 97DC8AD91D356DCE00E8AEB4 /* EverDo.v2.app */;
			productType = "com.apple.product-type.application";
		};
/* End PBXNativeTarget section */

/* Begin PBXProject section */
		97DC8AD11D356DCE00E8AEB4 /* Project object */ = {
			isa = PBXProject;
			attributes = {
				LastUpgradeCheck = 0730;
				ORGANIZATIONNAME = "Yana Kultysheva";
				TargetAttributes = {
					97DC8AD81D356DCE00E8AEB4 = {
						CreatedOnToolsVersion = 7.3.1;
					};
				};
			};
			buildConfigurationList = 97DC8AD41D356DCE00E8AEB4 /* Build configuration list for PBXProject "EverDo.v2" */;
			compatibilityVersion = "Xcode 3.2";
			developmentRegion = English;
			hasScannedForEncodings = 0;
			knownRegions = (
				en,
				Base,
			);
			mainGroup = 97DC8AD01D356DCE00E8AEB4;
			productRefGroup = 97DC8ADA1D356DCE00E8AEB4 /* Products */;
			projectDirPath = "";
			projectRoot = "";
			targets = (
				97DC8AD81D356DCE00E8AEB4 /* EverDo.v2 */,
			);
		};
/* End PBXProject section */

/* Begin PBXResourcesBuildPhase section */
		97DC8AD71D356DCE00E8AEB4 /* Resources */ = {
			isa = PBXResourcesBuildPhase;
			buildActionMask = 2147483647;
			files = (
				97DC8AEF1D356DCE00E8AEB4 /* LaunchScreen.storyboard in Resources */,
				97DC8AEC1D356DCE00E8AEB4 /* Assets.xcassets in Resources */,
				97DC8AEA1D356DCE00E8AEB4 /* Main.storyboard in Resources */,
			);
			runOnlyForDeploymentPostprocessing = 0;
		};
/* End PBXResourcesBuildPhase section */

/* Begin PBXSourcesBuildPhase section */
		97DC8AD51D356DCE00E8AEB4 /* Sources */ = {
			isa = PBXSourcesBuildPhase;
			buildActionMask = 2147483647;
			files = (
				97DC8AF81D356E6D00E8AEB4 /* Todo.m in Sources */,
				97DC8AE11D356DCE00E8AEB4 /* AppDelegate.m in Sources */,
				97DC8AFB1D35B11100E8AEB4 /* CustomCellTableViewCell.m in Sources */,
				97DC8AE41D356DCE00E8AEB4 /* MasterViewController.m in Sources */,
				97DC8AFE1D368FA100E8AEB4 /* AddNewViewController.m in Sources */,
				97DC8ADE1D356DCE00E8AEB4 /* main.m in Sources */,
				97DC8AE71D356DCE00E8AEB4 /* DetailViewController.m in Sources */,
			);
			runOnlyForDeploymentPostprocessing = 0;
		};
/* End PBXSourcesBuildPhase section */

/* Begin PBXVariantGroup section */
		97DC8AE81D356DCE00E8AEB4 /* Main.storyboard */ = {
			isa = PBXVariantGroup;
			children = (
				97DC8AE91D356DCE00E8AEB4 /* Base */,
			);
			name = Main.storyboard;
			sourceTree = "<group>";
		};
		97DC8AED1D356DCE00E8AEB4 /* LaunchScreen.storyboard */ = {
			isa = PBXVariantGroup;
			children = (
				97DC8AEE1D356DCE00E8AEB4 /* Base */,
			);
			name = LaunchScreen.storyboard;
			sourceTree = "<group>";
		};
/* End PBXVariantGroup section */

/* Begin XCBuildConfiguration section */
		97DC8AF11D356DCE00E8AEB4 /* Debug */ = {
			isa = XCBuildConfiguration;
			buildSettings = {
				ALWAYS_SEARCH_USER_PATHS = NO;
				CLANG_ANALYZER_NONNULL = YES;
				CLANG_CXX_LANGUAGE_STANDARD = "gnu++0x";
				CLANG_CXX_LIBRARY = "libc++";
				CLANG_ENABLE_MODULES = YES;
				CLANG_ENABLE_OBJC_ARC = YES;
				CLANG_WARN_BOOL_CONVERSION = YES;
				CLANG_WARN_CONSTANT_CONVERSION = YES;
				CLANG_WARN_DIRECT_OBJC_ISA_USAGE = YES_ERROR;
				CLANG_WARN_EMPTY_BODY = YES;
				CLANG_WARN_ENUM_CONVERSION = YES;
				CLANG_WARN_INT_CONVERSION = YES;
				CLANG_WARN_OBJC_ROOT_CLASS = YES_ERROR;
				CLANG_WARN_UNREACHABLE_CODE = YES;
				CLANG_WARN__DUPLICATE_METHOD_MATCH = YES;
				"CODE_SIGN_IDENTITY[sdk=iphoneos*]" = "iPhone Developer";
				COPY_PHASE_STRIP = NO;
				DEBUG_INFORMATION_FORMAT = dwarf;
				ENABLE_STRICT_OBJC_MSGSEND = YES;
				ENABLE_TESTABILITY = YES;
				GCC_C_LANGUAGE_STANDARD = gnu99;
				GCC_DYNAMIC_NO_PIC = NO;
				GCC_NO_COMMON_BLOCKS = YES;
				GCC_OPTIMIZATION_LEVEL = 0;
				GCC_PREPROCESSOR_DEFINITIONS = (
					"DEBUG=1",
					"$(inherited)",
				);
				GCC_WARN_64_TO_32_BIT_CONVERSION = YES;
				GCC_WARN_ABOUT_RETURN_TYPE = YES_ERROR;
				GCC_WARN_UNDECLARED_SELECTOR = YES;
				GCC_WARN_UNINITIALIZED_AUTOS = YES_AGGRESSIVE;
				GCC_WARN_UNUSED_FUNCTION = YES;
				GCC_WARN_UNUSED_VARIABLE = YES;
				IPHONEOS_DEPLOYMENT_TARGET = 9.3;
				MTL_ENABLE_DEBUG_INFO = YES;
				ONLY_ACTIVE_ARCH = YES;
				SDKROOT = iphoneos;
			};
			name = Debug;
		};
		97DC8AF21D356DCE00E8AEB4 /* Release */ = {
			isa = XCBuildConfiguration;
			buildSettings = {
				ALWAYS_SEARCH_USER_PATHS = NO;
				CLANG_ANALYZER_NONNULL = YES;
				CLANG_CXX_LANGUAGE_STANDARD = "gnu++0x";
				CLANG_CXX_LIBRARY = "libc++";
				CLANG_ENABLE_MODULES = YES;
				CLANG_ENABLE_OBJC_ARC = YES;
				CLANG_WARN_BOOL_CONVERSION = YES;
				CLANG_WARN_CONSTANT_CONVERSION = YES;
				CLANG_WARN_DIRECT_OBJC_ISA_USAGE = YES_ERROR;
				CLANG_WARN_EMPTY_BODY = YES;
				CLANG_WARN_ENUM_CONVERSION = YES;
				CLANG_WARN_INT_CONVERSION = YES;
				CLANG_WARN_OBJC_ROOT_CLASS = YES_ERROR;
				CLANG_WARN_UNREACHABLE_CODE = YES;
				CLANG_WARN__DUPLICATE_METHOD_MATCH = YES;
				"CODE_SIGN_IDENTITY[sdk=iphoneos*]" = "iPhone Developer";
				COPY_PHASE_STRIP = NO;
				DEBUG_INFORMATION_FORMAT = "dwarf-with-dsym";
				ENABLE_NS_ASSERTIONS = NO;
				ENABLE_STRICT_OBJC_MSGSEND = YES;
				GCC_C_LANGUAGE_STANDARD = gnu99;
				GCC_NO_COMMON_BLOCKS = YES;
				GCC_WARN_64_TO_32_BIT_CONVERSION = YES;
				GCC_WARN_ABOUT_RETURN_TYPE = YES_ERROR;
				GCC_WARN_UNDECLARED_SELECTOR = YES;
				GCC_WARN_UNINITIALIZED_AUTOS = YES_AGGRESSIVE;
				GCC_WARN_UNUSED_FUNCTION = YES;
				GCC_WARN_UNUSED_VARIABLE = YES;
				IPHONEOS_DEPLOYMENT_TARGET = 9.3;
				MTL_ENABLE_DEBUG_INFO = NO;
				SDKROOT = iphoneos;
				VALIDATE_PRODUCT = YES;
			};
			name = Release;
		};
		97DC8AF41D356DCE00E8AEB4 /* Debug */ = {
			isa = XCBuildConfiguration;
			buildSettings = {
				ASSETCATALOG_COMPILER_APPICON_NAME = AppIcon;
				INFOPLIST_FILE = EverDo.v2/Info.plist;
				LD_RUNPATH_SEARCH_PATHS = "$(inherited) @executable_path/Frameworks";
				PRODUCT_BUNDLE_IDENTIFIER = "lighthouse.EverDo-v2";
				PRODUCT_NAME = "$(TARGET_NAME)";
			};
			name = Debug;
		};
		97DC8AF51D356DCE00E8AEB4 /* Release */ = {
			isa = XCBuildConfiguration;
			buildSettings = {
				ASSETCATALOG_COMPILER_APPICON_NAME = AppIcon;
				INFOPLIST_FILE = EverDo.v2/Info.plist;
				LD_RUNPATH_SEARCH_PATHS = "$(inherited) @executable_path/Frameworks";
				PRODUCT_BUNDLE_IDENTIFIER = "lighthouse.EverDo-v2";
				PRODUCT_NAME = "$(TARGET_NAME)";
			};
			name = Release;
		};
/* End XCBuildConfiguration section */

/* Begin XCConfigurationList section */
		97DC8AD41D356DCE00E8AEB4 /* Build configuration list for PBXProject "EverDo.v2" */ = {
			isa = XCConfigurationList;
			buildConfigurations = (
				97DC8AF11D356DCE00E8AEB4 /* Debug */,
				97DC8AF21D356DCE00E8AEB4 /* Release */,
			);
			defaultConfigurationIsVisible = 0;
			defaultConfigurationName = Release;
		};
		97DC8AF31D356DCE00E8AEB4 /* Build configuration list for PBXNativeTarget "EverDo.v2" */ = {
			isa = XCConfigurationList;
			buildConfigurations = (
				97DC8AF41D356DCE00E8AEB4 /* Debug */,
				97DC8AF51D356DCE00E8AEB4 /* Release */,
			);
			defaultConfigurationIsVisible = 0;
			defaultConfigurationName = Release;
		};
/* End XCConfigurationList section */
	};
	rootObject = 97DC8AD11D356DCE00E8AEB4 /* Project object */;
}
